// !$*UTF8*$!
{
	archiveVersion = 1;
	classes = {
	};
	objectVersion = 46;
	objects = {

/* Begin PBXBuildFile section */
		898EA0981B37A3D200798871 /* main.cpp in Sources */ = {isa = PBXBuildFile; fileRef = 898EA08D1B37A3D200798871 /* main.cpp */; };
		898EA09B1B37A3E200798871 /* README.md in Sources */ = {isa = PBXBuildFile; fileRef = 898EA09A1B37A3E200798871 /* README.md */; };
/* End PBXBuildFile section */

/* Begin PBXCopyFilesBuildPhase section */
		894C66811A6A0CCD00F4AF80 /* CopyFiles */ = {
			isa = PBXCopyFilesBuildPhase;
			buildActionMask = 2147483647;
			dstPath = /usr/share/man/man1/;
			dstSubfolderSpec = 0;
			files = (
			);
			runOnlyForDeploymentPostprocessing = 1;
		};
/* End PBXCopyFilesBuildPhase section */

/* Begin PBXFileReference section */
		894C66831A6A0CCD00F4AF80 /* stt tetris */ = {isa = PBXFileReference; explicitFileType = "compiled.mach-o.executable"; includeInIndex = 0; path = "stt tetris"; sourceTree = BUILT_PRODUCTS_DIR; };
		898EA0801B37A3D200798871 /* block_generator.h */ = {isa = PBXFileReference; fileEncoding = 4; lastKnownFileType = sourcecode.c.h; name = block_generator.h; path = tetris/block_generator.h; sourceTree = SOURCE_ROOT; };
		898EA0811B37A3D200798871 /* blocks.h */ = {isa = PBXFileReference; fileEncoding = 4; lastKnownFileType = sourcecode.c.h; name = blocks.h; path = tetris/blocks.h; sourceTree = SOURCE_ROOT; };
		898EA0821B37A3D200798871 /* boolean.h */ = {isa = PBXFileReference; fileEncoding = 4; lastKnownFileType = sourcecode.c.h; name = boolean.h; path = tetris/boolean.h; sourceTree = SOURCE_ROOT; };
		898EA0831B37A3D200798871 /* buffer.h */ = {isa = PBXFileReference; fileEncoding = 4; lastKnownFileType = sourcecode.c.h; name = buffer.h; path = tetris/buffer.h; sourceTree = SOURCE_ROOT; };
		898EA0841B37A3D200798871 /* color.h */ = {isa = PBXFileReference; fileEncoding = 4; lastKnownFileType = sourcecode.c.h; name = color.h; path = tetris/color.h; sourceTree = SOURCE_ROOT; };
		898EA0851B37A3D200798871 /* current_game.h */ = {isa = PBXFileReference; fileEncoding = 4; lastKnownFileType = sourcecode.c.h; name = current_game.h; path = tetris/current_game.h; sourceTree = SOURCE_ROOT; };
		898EA0861B37A3D200798871 /* foldable.h */ = {isa = PBXFileReference; fileEncoding = 4; lastKnownFileType = sourcecode.c.h; name = foldable.h; path = tetris/foldable.h; sourceTree = SOURCE_ROOT; };
		898EA0871B37A3D200798871 /* functor.h */ = {isa = PBXFileReference; fileEncoding = 4; lastKnownFileType = sourcecode.c.h; name = functor.h; path = tetris/functor.h; sourceTree = SOURCE_ROOT; };
		898EA0881B37A3D200798871 /* game.h */ = {isa = PBXFileReference; fileEncoding = 4; lastKnownFileType = sourcecode.c.h; name = game.h; path = tetris/game.h; sourceTree = SOURCE_ROOT; };
		898EA0891B37A3D200798871 /* get_input.h */ = {isa = PBXFileReference; fileEncoding = 4; lastKnownFileType = sourcecode.c.h; name = get_input.h; path = tetris/get_input.h; sourceTree = SOURCE_ROOT; };
		898EA08A1B37A3D200798871 /* grid.h */ = {isa = PBXFileReference; fileEncoding = 4; lastKnownFileType = sourcecode.c.h; name = grid.h; path = tetris/grid.h; sourceTree = SOURCE_ROOT; };
		898EA08B1B37A3D200798871 /* input.h */ = {isa = PBXFileReference; fileEncoding = 4; lastKnownFileType = sourcecode.c.h; name = input.h; path = tetris/input.h; sourceTree = SOURCE_ROOT; };
		898EA08C1B37A3D200798871 /* list.h */ = {isa = PBXFileReference; fileEncoding = 4; lastKnownFileType = sourcecode.c.h; name = list.h; path = tetris/list.h; sourceTree = SOURCE_ROOT; };
		898EA08D1B37A3D200798871 /* main.cpp */ = {isa = PBXFileReference; fileEncoding = 4; lastKnownFileType = sourcecode.cpp.cpp; name = main.cpp; path = tetris/main.cpp; sourceTree = SOURCE_ROOT; };
		898EA08E1B37A3D200798871 /* new_game.h */ = {isa = PBXFileReference; fileEncoding = 4; lastKnownFileType = sourcecode.c.h; name = new_game.h; path = tetris/new_game.h; sourceTree = SOURCE_ROOT; };
		898EA08F1B37A3D200798871 /* pixel.h */ = {isa = PBXFileReference; fileEncoding = 4; lastKnownFileType = sourcecode.c.h; name = pixel.h; path = tetris/pixel.h; sourceTree = SOURCE_ROOT; };
		898EA0901B37A3D200798871 /* playfield.h */ = {isa = PBXFileReference; fileEncoding = 4; lastKnownFileType = sourcecode.c.h; name = playfield.h; path = tetris/playfield.h; sourceTree = SOURCE_ROOT; };
		898EA0911B37A3D200798871 /* position.h */ = {isa = PBXFileReference; fileEncoding = 4; lastKnownFileType = sourcecode.c.h; name = position.h; path = tetris/position.h; sourceTree = SOURCE_ROOT; };
		898EA0921B37A3D200798871 /* printer.h */ = {isa = PBXFileReference; fileEncoding = 4; lastKnownFileType = sourcecode.c.h; name = printer.h; path = tetris/printer.h; sourceTree = SOURCE_ROOT; };
		898EA0931B37A3D200798871 /* random.h */ = {isa = PBXFileReference; fileEncoding = 4; lastKnownFileType = sourcecode.c.h; name = random.h; path = tetris/random.h; sourceTree = SOURCE_ROOT; };
		898EA0941B37A3D200798871 /* reset.sh */ = {isa = PBXFileReference; fileEncoding = 4; lastKnownFileType = text.script.sh; name = reset.sh; path = tetris/reset.sh; sourceTree = SOURCE_ROOT; };
		898EA0951B37A3D200798871 /* serialize.h */ = {isa = PBXFileReference; fileEncoding = 4; lastKnownFileType = sourcecode.c.h; name = serialize.h; path = tetris/serialize.h; sourceTree = SOURCE_ROOT; };
		898EA0961B37A3D200798871 /* string.h */ = {isa = PBXFileReference; fileEncoding = 4; lastKnownFileType = sourcecode.c.h; name = string.h; path = tetris/string.h; sourceTree = SOURCE_ROOT; };
		898EA0971B37A3D200798871 /* utility.h */ = {isa = PBXFileReference; fileEncoding = 4; lastKnownFileType = sourcecode.c.h; name = utility.h; path = tetris/utility.h; sourceTree = SOURCE_ROOT; };
		898EA0991B37A3E200798871 /* LICENSE */ = {isa = PBXFileReference; fileEncoding = 4; lastKnownFileType = text; path = LICENSE; sourceTree = "<group>"; };
		898EA09A1B37A3E200798871 /* README.md */ = {isa = PBXFileReference; fileEncoding = 4; lastKnownFileType = net.daringfireball.markdown; path = README.md; sourceTree = "<group>"; };
/* End PBXFileReference section */

/* Begin PBXFrameworksBuildPhase section */
		894C66801A6A0CCD00F4AF80 /* Frameworks */ = {
			isa = PBXFrameworksBuildPhase;
			buildActionMask = 2147483647;
			files = (
			);
			runOnlyForDeploymentPostprocessing = 0;
		};
/* End PBXFrameworksBuildPhase section */

/* Begin PBXGroup section */
		894C667A1A6A0CCD00F4AF80 = {
			isa = PBXGroup;
			children = (
				898EA0991B37A3E200798871 /* LICENSE */,
				898EA09A1B37A3E200798871 /* README.md */,
				894C66851A6A0CCD00F4AF80 /* tetris */,
				894C66841A6A0CCD00F4AF80 /* Products */,
			);
			sourceTree = "<group>";
		};
		894C66841A6A0CCD00F4AF80 /* Products */ = {
			isa = PBXGroup;
			children = (
				894C66831A6A0CCD00F4AF80 /* stt tetris */,
			);
			name = Products;
			sourceTree = "<group>";
		};
		894C66851A6A0CCD00F4AF80 /* tetris */ = {
			isa = PBXGroup;
			children = (
				898EA0801B37A3D200798871 /* block_generator.h */,
				898EA0811B37A3D200798871 /* blocks.h */,
				898EA0821B37A3D200798871 /* boolean.h */,
				898EA0831B37A3D200798871 /* buffer.h */,
				898EA0841B37A3D200798871 /* color.h */,
				898EA0851B37A3D200798871 /* current_game.h */,
				898EA0861B37A3D200798871 /* foldable.h */,
				898EA0871B37A3D200798871 /* functor.h */,
				898EA0881B37A3D200798871 /* game.h */,
				898EA0891B37A3D200798871 /* get_input.h */,
				898EA08A1B37A3D200798871 /* grid.h */,
				898EA08B1B37A3D200798871 /* input.h */,
				898EA08C1B37A3D200798871 /* list.h */,
				898EA08D1B37A3D200798871 /* main.cpp */,
				898EA08E1B37A3D200798871 /* new_game.h */,
				898EA08F1B37A3D200798871 /* pixel.h */,
				898EA0901B37A3D200798871 /* playfield.h */,
				898EA0911B37A3D200798871 /* position.h */,
				898EA0921B37A3D200798871 /* printer.h */,
				898EA0931B37A3D200798871 /* random.h */,
				898EA0941B37A3D200798871 /* reset.sh */,
				898EA0951B37A3D200798871 /* serialize.h */,
				898EA0961B37A3D200798871 /* string.h */,
				898EA0971B37A3D200798871 /* utility.h */,
			);
			name = tetris;
			path = "stt snake";
			sourceTree = "<group>";
		};
/* End PBXGroup section */

/* Begin PBXNativeTarget section */
		894C66821A6A0CCD00F4AF80 /* stt tetris */ = {
			isa = PBXNativeTarget;
			buildConfigurationList = 894C668A1A6A0CCD00F4AF80 /* Build configuration list for PBXNativeTarget "stt tetris" */;
			buildPhases = (
				894C667F1A6A0CCD00F4AF80 /* Sources */,
				894C66801A6A0CCD00F4AF80 /* Frameworks */,
				894C66811A6A0CCD00F4AF80 /* CopyFiles */,
			);
			buildRules = (
			);
			dependencies = (
			);
			name = "stt tetris";
			productName = "stt snake";
			productReference = 894C66831A6A0CCD00F4AF80 /* stt tetris */;
			productType = "com.apple.product-type.tool";
		};
/* End PBXNativeTarget section */

/* Begin PBXProject section */
		894C667B1A6A0CCD00F4AF80 /* Project object */ = {
			isa = PBXProject;
			attributes = {
				LastUpgradeCheck = 0610;
				ORGANIZATIONNAME = "Matt Bierner";
				TargetAttributes = {
					894C66821A6A0CCD00F4AF80 = {
						CreatedOnToolsVersion = 6.1.1;
					};
				};
			};
			buildConfigurationList = 894C667E1A6A0CCD00F4AF80 /* Build configuration list for PBXProject "stt tetris" */;
			compatibilityVersion = "Xcode 3.2";
			developmentRegion = English;
			hasScannedForEncodings = 0;
			knownRegions = (
				en,
			);
			mainGroup = 894C667A1A6A0CCD00F4AF80;
			productRefGroup = 894C66841A6A0CCD00F4AF80 /* Products */;
			projectDirPath = "";
			projectRoot = "";
			targets = (
				894C66821A6A0CCD00F4AF80 /* stt tetris */,
			);
		};
/* End PBXProject section */

/* Begin PBXSourcesBuildPhase section */
		894C667F1A6A0CCD00F4AF80 /* Sources */ = {
			isa = PBXSourcesBuildPhase;
			buildActionMask = 2147483647;
			files = (
				898EA09B1B37A3E200798871 /* README.md in Sources */,
				898EA0981B37A3D200798871 /* main.cpp in Sources */,
			);
			runOnlyForDeploymentPostprocessing = 0;
		};
/* End PBXSourcesBuildPhase section */

/* Begin XCBuildConfiguration section */
		894C66881A6A0CCD00F4AF80 /* Debug */ = {
			isa = XCBuildConfiguration;
			buildSettings = {
				ALWAYS_SEARCH_USER_PATHS = NO;
				CLANG_CXX_LANGUAGE_STANDARD = "c++14";
				CLANG_CXX_LIBRARY = "libc++";
				CLANG_ENABLE_MODULES = YES;
				CLANG_ENABLE_OBJC_ARC = YES;
				CLANG_WARN_BOOL_CONVERSION = YES;
				CLANG_WARN_CONSTANT_CONVERSION = YES;
				CLANG_WARN_DIRECT_OBJC_ISA_USAGE = YES_ERROR;
				CLANG_WARN_EMPTY_BODY = YES;
				CLANG_WARN_ENUM_CONVERSION = YES;
				CLANG_WARN_INT_CONVERSION = YES;
				CLANG_WARN_OBJC_ROOT_CLASS = YES_ERROR;
				CLANG_WARN_UNREACHABLE_CODE = YES;
				CLANG_WARN__DUPLICATE_METHOD_MATCH = YES;
				COPY_PHASE_STRIP = NO;
				ENABLE_STRICT_OBJC_MSGSEND = YES;
				GCC_C_LANGUAGE_STANDARD = gnu99;
				GCC_DYNAMIC_NO_PIC = NO;
				GCC_OPTIMIZATION_LEVEL = 0;
				GCC_PREPROCESSOR_DEFINITIONS = (
					"DEBUG=1",
					"$(inherited)",
				);
				GCC_SYMBOLS_PRIVATE_EXTERN = NO;
				GCC_WARN_64_TO_32_BIT_CONVERSION = YES;
				GCC_WARN_ABOUT_RETURN_TYPE = YES_ERROR;
				GCC_WARN_UNDECLARED_SELECTOR = YES;
				GCC_WARN_UNINITIALIZED_AUTOS = YES_AGGRESSIVE;
				GCC_WARN_UNUSED_FUNCTION = YES;
				GCC_WARN_UNUSED_VARIABLE = YES;
				MACOSX_DEPLOYMENT_TARGET = 10.10;
				MTL_ENABLE_DEBUG_INFO = YES;
				ONLY_ACTIVE_ARCH = YES;
				OTHER_CPLUSPLUSFLAGS = (
					"$(OTHER_CFLAGS)",
					"-ftemplate-depth-1000",
					"-std=c++1z",
					"-ftemplate-backtrace-limit=0",
				);
				SDKROOT = macosx;
			};
			name = Debug;
		};
		894C66891A6A0CCD00F4AF80 /* Release */ = {
			isa = XCBuildConfiguration;
			buildSettings = {
				ALWAYS_SEARCH_USER_PATHS = NO;
				CLANG_CXX_LANGUAGE_STANDARD = "c++14";
				CLANG_CXX_LIBRARY = "libc++";
				CLANG_ENABLE_MODULES = YES;
				CLANG_ENABLE_OBJC_ARC = YES;
				CLANG_WARN_BOOL_CONVERSION = YES;
				CLANG_WARN_CONSTANT_CONVERSION = YES;
				CLANG_WARN_DIRECT_OBJC_ISA_USAGE = YES_ERROR;
				CLANG_WARN_EMPTY_BODY = YES;
				CLANG_WARN_ENUM_CONVERSION = YES;
				CLANG_WARN_INT_CONVERSION = YES;
				CLANG_WARN_OBJC_ROOT_CLASS = YES_ERROR;
				CLANG_WARN_UNREACHABLE_CODE = YES;
				CLANG_WARN__DUPLICATE_METHOD_MATCH = YES;
				COPY_PHASE_STRIP = YES;
				DEBUG_INFORMATION_FORMAT = "dwarf-with-dsym";
				ENABLE_NS_ASSERTIONS = NO;
				ENABLE_STRICT_OBJC_MSGSEND = YES;
				GCC_C_LANGUAGE_STANDARD = gnu99;
				GCC_WARN_64_TO_32_BIT_CONVERSION = YES;
				GCC_WARN_ABOUT_RETURN_TYPE = YES_ERROR;
				GCC_WARN_UNDECLARED_SELECTOR = YES;
				GCC_WARN_UNINITIALIZED_AUTOS = YES_AGGRESSIVE;
				GCC_WARN_UNUSED_FUNCTION = YES;
				GCC_WARN_UNUSED_VARIABLE = YES;
				MACOSX_DEPLOYMENT_TARGET = 10.10;
				MTL_ENABLE_DEBUG_INFO = NO;
				OTHER_CPLUSPLUSFLAGS = (
					"$(OTHER_CFLAGS)",
					"-ftemplate-depth-1000",
					"-std=c++1z",
					"-ftemplate-backtrace-limit=0",
				);
				SDKROOT = macosx;
			};
			name = Release;
		};
		894C668B1A6A0CCD00F4AF80 /* Debug */ = {
			isa = XCBuildConfiguration;
			buildSettings = {
				PRODUCT_NAME = "$(TARGET_NAME)";
			};
			name = Debug;
		};
		894C668C1A6A0CCD00F4AF80 /* Release */ = {
			isa = XCBuildConfiguration;
			buildSettings = {
				PRODUCT_NAME = "$(TARGET_NAME)";
			};
			name = Release;
		};
/* End XCBuildConfiguration section */

/* Begin XCConfigurationList section */
		894C667E1A6A0CCD00F4AF80 /* Build configuration list for PBXProject "stt tetris" */ = {
			isa = XCConfigurationList;
			buildConfigurations = (
				894C66881A6A0CCD00F4AF80 /* Debug */,
				894C66891A6A0CCD00F4AF80 /* Release */,
			);
			defaultConfigurationIsVisible = 0;
			defaultConfigurationName = Release;
		};
		894C668A1A6A0CCD00F4AF80 /* Build configuration list for PBXNativeTarget "stt tetris" */ = {
			isa = XCConfigurationList;
			buildConfigurations = (
				894C668B1A6A0CCD00F4AF80 /* Debug */,
				894C668C1A6A0CCD00F4AF80 /* Release */,
			);
			defaultConfigurationIsVisible = 0;
			defaultConfigurationName = Release;
		};
/* End XCConfigurationList section */
	};
	rootObject = 894C667B1A6A0CCD00F4AF80 /* Project object */;
}
